
Microsoft Visual Studio Solution File, Format Version 12.00
# Visual Studio Version 17
VisualStudioVersion = 17.0.32112.339
MinimumVisualStudioVersion = 10.0.40219.1
Project("{FAE04EC0-301F-11D3-BF4B-00C04F79EFBC}") = "VogCodeChallenge.API", "VogCodeChallenge.API\VogCodeChallenge.API.csproj", "{12F7BF2E-D557-4090-B7A7-FA732976BAD2}"
EndProject
Global
	GlobalSection(SolutionConfigurationPlatforms) = preSolution
		Debug|Any CPU = Debug|Any CPU
		Release|Any CPU = Release|Any CPU
	EndGlobalSection
	GlobalSection(ProjectConfigurationPlatforms) = postSolution
		{12F7BF2E-D557-4090-B7A7-FA732976BAD2}.Debug|Any CPU.ActiveCfg = Debug|Any CPU
		{12F7BF2E-D557-4090-B7A7-FA732976BAD2}.Debug|Any CPU.Build.0 = Debug|Any CPU
		{12F7BF2E-D557-4090-B7A7-FA732976BAD2}.Release|Any CPU.ActiveCfg = Release|Any CPU
		{12F7BF2E-D557-4090-B7A7-FA732976BAD2}.Release|Any CPU.Build.0 = Release|Any CPU
	EndGlobalSection
	GlobalSection(SolutionProperties) = preSolution
		HideSolutionNode = FALSE
	EndGlobalSection
	GlobalSection(ExtensibilityGlobals) = postSolution
		SolutionGuid = {4E5DEDE8-A966-40D4-854B-06FD8DC4E636}
	EndGlobalSection
EndGlobal
